
Microsoft Visual Studio Solution File, Format Version 12.00
# Visual Studio 2013
VisualStudioVersion = 12.0.31101.0
MinimumVisualStudioVersion = 10.0.40219.1
Project("{FAE04EC0-301F-11D3-BF4B-00C04F79EFBC}") = "DatabaseTesting", "DatabaseTesting.csproj", "{AD622A03-79E3-4EC2-A88C-EBA5296F1B61}"
EndProject
Project("{FAE04EC0-301F-11D3-BF4B-00C04F79EFBC}") = "DatabaseTesting.ApplicationLayer", "..\DatabaseTesting.ApplicationLayer\DatabaseTesting.ApplicationLayer.csproj", "{285B6E82-8772-4CC9-B213-875489E10F4A}"
EndProject
Project("{FAE04EC0-301F-11D3-BF4B-00C04F79EFBC}") = "DatabaseTesting.Watchdog", "..\DatabaseTesting.Watchdog\DatabaseTesting.Watchdog.csproj", "{E385444C-D89C-4D14-8666-269583CCA196}"
EndProject
Global
	GlobalSection(SolutionConfigurationPlatforms) = preSolution
		Debug|Any CPU = Debug|Any CPU
		Release|Any CPU = Release|Any CPU
	EndGlobalSection
	GlobalSection(ProjectConfigurationPlatforms) = postSolution
		{AD622A03-79E3-4EC2-A88C-EBA5296F1B61}.Debug|Any CPU.ActiveCfg = Debug|Any CPU
		{AD622A03-79E3-4EC2-A88C-EBA5296F1B61}.Debug|Any CPU.Build.0 = Debug|Any CPU
		{AD622A03-79E3-4EC2-A88C-EBA5296F1B61}.Release|Any CPU.ActiveCfg = Release|Any CPU
		{AD622A03-79E3-4EC2-A88C-EBA5296F1B61}.Release|Any CPU.Build.0 = Release|Any CPU
		{285B6E82-8772-4CC9-B213-875489E10F4A}.Debug|Any CPU.ActiveCfg = Debug|Any CPU
		{285B6E82-8772-4CC9-B213-875489E10F4A}.Debug|Any CPU.Build.0 = Debug|Any CPU
		{285B6E82-8772-4CC9-B213-875489E10F4A}.Release|Any CPU.ActiveCfg = Release|Any CPU
		{285B6E82-8772-4CC9-B213-875489E10F4A}.Release|Any CPU.Build.0 = Release|Any CPU
		{E385444C-D89C-4D14-8666-269583CCA196}.Debug|Any CPU.ActiveCfg = Debug|Any CPU
		{E385444C-D89C-4D14-8666-269583CCA196}.Debug|Any CPU.Build.0 = Debug|Any CPU
		{E385444C-D89C-4D14-8666-269583CCA196}.Release|Any CPU.ActiveCfg = Release|Any CPU
		{E385444C-D89C-4D14-8666-269583CCA196}.Release|Any CPU.Build.0 = Release|Any CPU
	EndGlobalSection
	GlobalSection(SolutionProperties) = preSolution
		HideSolutionNode = FALSE
	EndGlobalSection
EndGlobal
